
Microsoft Visual Studio Solution File, Format Version 12.00
# Visual Studio Version 17
VisualStudioVersion = 17.0.31919.166
MinimumVisualStudioVersion = 10.0.40219.1
Project("{FAE04EC0-301F-11D3-BF4B-00C04F79EFBC}") = "FicherosJairon", "FicherosJairon\FicherosJairon.csproj", "{AFF9DD28-A877-448C-B01D-5B8648E0868C}"
EndProject
Global
	GlobalSection(SolutionConfigurationPlatforms) = preSolution
		Debug|Any CPU = Debug|Any CPU
		Release|Any CPU = Release|Any CPU
	EndGlobalSection
	GlobalSection(ProjectConfigurationPlatforms) = postSolution
		{AFF9DD28-A877-448C-B01D-5B8648E0868C}.Debug|Any CPU.ActiveCfg = Debug|Any CPU
		{AFF9DD28-A877-448C-B01D-5B8648E0868C}.Debug|Any CPU.Build.0 = Debug|Any CPU
		{AFF9DD28-A877-448C-B01D-5B8648E0868C}.Release|Any CPU.ActiveCfg = Release|Any CPU
		{AFF9DD28-A877-448C-B01D-5B8648E0868C}.Release|Any CPU.Build.0 = Release|Any CPU
	EndGlobalSection
	GlobalSection(SolutionProperties) = preSolution
		HideSolutionNode = FALSE
	EndGlobalSection
	GlobalSection(ExtensibilityGlobals) = postSolution
		SolutionGuid = {679F109E-29FD-44CB-AFFF-C42F580DBE03}
	EndGlobalSection
EndGlobal
